
Microsoft Visual Studio Solution File, Format Version 11.00
# Visual Studio 2010
Project("{8BC9CEB8-8B4A-11D0-8D11-00A0C91BC942}") = "Office", "Main\Office.vcxproj", "{56B37CAE-4373-4E91-9102-24F2B32C1E0A}"
EndProject
Project("{2150E333-8FDC-42A3-9474-1A3956D46DE8}") = "CoreModule", "CoreModule", "{1CE66494-5C70-458C-AEE2-34356FED4105}"
EndProject
Project("{8BC9CEB8-8B4A-11D0-8D11-00A0C91BC942}") = "csg_bsp", "CoreModule\CSG\csg_bsp.vcxproj", "{BB0CA073-A3D5-45C5-A56D-0E1E16C576B2}"
EndProject
Project("{8BC9CEB8-8B4A-11D0-8D11-00A0C91BC942}") = "KVDlib", "CoreModule\KVDlib\KVDlib.vcxproj", "{3E3A8663-6AA6-4875-BAA5-7A304887B26F}"
EndProject
Project("{8BC9CEB8-8B4A-11D0-8D11-00A0C91BC942}") = "DBModule", "CoreModule\DBModule\DBModule.vcxproj", "{9E3A9547-D12E-4B36-8077-B12FD73671BD}"
EndProject
Project("{8BC9CEB8-8B4A-11D0-8D11-00A0C91BC942}") = "KVXmoduleKit", "CoreModule\KVXmoduleKit\KVXmoduleKit.vcxproj", "{6E987529-911D-47F9-AB45-EF66406409CB}"
EndProject
Project("{8BC9CEB8-8B4A-11D0-8D11-00A0C91BC942}") = "Operator", "CoreModule\Operator\Operator.vcxproj", "{AA5282BA-5EDC-463D-97C9-7B3BDED3FEC8}"
EndProject
Project("{8BC9CEB8-8B4A-11D0-8D11-00A0C91BC942}") = "KCCEstimate", "Estimate\KCCEstimate.vcxproj", "{2704B2F1-7BB0-4701-B2C8-DFEDAD73ABF0}"
EndProject
Project("{8BC9CEB8-8B4A-11D0-8D11-00A0C91BC942}") = "KVMain", "Archi3\KVMain.vcxproj", "{82767239-B24A-4B53-995F-0FB880B511E7}"
	ProjectSection(ProjectDependencies) = postProject
		{AA5282BA-5EDC-463D-97C9-7B3BDED3FEC8} = {AA5282BA-5EDC-463D-97C9-7B3BDED3FEC8}
	EndProjectSection
EndProject
Global
	GlobalSection(SolutionConfigurationPlatforms) = preSolution
		Debug_Archi2|Win32 = Debug_Archi2|Win32
		Debug|Win32 = Debug|Win32
		En_Debug|Win32 = En_Debug|Win32
		En_Release|Win32 = En_Release|Win32
		Release_Archi2|Win32 = Release_Archi2|Win32
		Release|Win32 = Release|Win32
		ReleaseTest|Win32 = ReleaseTest|Win32
		Template|Win32 = Template|Win32
	EndGlobalSection
	GlobalSection(ProjectConfigurationPlatforms) = postSolution
		{56B37CAE-4373-4E91-9102-24F2B32C1E0A}.Debug_Archi2|Win32.ActiveCfg = Debug|Win32
		{56B37CAE-4373-4E91-9102-24F2B32C1E0A}.Debug_Archi2|Win32.Build.0 = Debug|Win32
		{56B37CAE-4373-4E91-9102-24F2B32C1E0A}.Debug|Win32.ActiveCfg = Debug|Win32
		{56B37CAE-4373-4E91-9102-24F2B32C1E0A}.Debug|Win32.Build.0 = Debug|Win32
		{56B37CAE-4373-4E91-9102-24F2B32C1E0A}.En_Debug|Win32.ActiveCfg = En_Debug|Win32
		{56B37CAE-4373-4E91-9102-24F2B32C1E0A}.En_Debug|Win32.Build.0 = En_Debug|Win32
		{56B37CAE-4373-4E91-9102-24F2B32C1E0A}.En_Release|Win32.ActiveCfg = En_Release|Win32
		{56B37CAE-4373-4E91-9102-24F2B32C1E0A}.En_Release|Win32.Build.0 = En_Release|Win32
		{56B37CAE-4373-4E91-9102-24F2B32C1E0A}.Release_Archi2|Win32.ActiveCfg = Release|Win32
		{56B37CAE-4373-4E91-9102-24F2B32C1E0A}.Release_Archi2|Win32.Build.0 = Release|Win32
		{56B37CAE-4373-4E91-9102-24F2B32C1E0A}.Release|Win32.ActiveCfg = Release|Win32
		{56B37CAE-4373-4E91-9102-24F2B32C1E0A}.Release|Win32.Build.0 = Release|Win32
		{56B37CAE-4373-4E91-9102-24F2B32C1E0A}.ReleaseTest|Win32.ActiveCfg = Release|Win32
		{56B37CAE-4373-4E91-9102-24F2B32C1E0A}.ReleaseTest|Win32.Build.0 = Release|Win32
		{56B37CAE-4373-4E91-9102-24F2B32C1E0A}.Template|Win32.ActiveCfg = Template|Win32
		{56B37CAE-4373-4E91-9102-24F2B32C1E0A}.Template|Win32.Build.0 = Template|Win32
		{BB0CA073-A3D5-45C5-A56D-0E1E16C576B2}.Debug_Archi2|Win32.ActiveCfg = Debug_Archi2|Win32
		{BB0CA073-A3D5-45C5-A56D-0E1E16C576B2}.Debug_Archi2|Win32.Build.0 = Debug_Archi2|Win32
		{BB0CA073-A3D5-45C5-A56D-0E1E16C576B2}.Debug|Win32.ActiveCfg = Debug|Win32
		{BB0CA073-A3D5-45C5-A56D-0E1E16C576B2}.Debug|Win32.Build.0 = Debug|Win32
		{BB0CA073-A3D5-45C5-A56D-0E1E16C576B2}.En_Debug|Win32.ActiveCfg = Debug|Win32
		{BB0CA073-A3D5-45C5-A56D-0E1E16C576B2}.En_Debug|Win32.Build.0 = Debug|Win32
		{BB0CA073-A3D5-45C5-A56D-0E1E16C576B2}.En_Release|Win32.ActiveCfg = Release|Win32
		{BB0CA073-A3D5-45C5-A56D-0E1E16C576B2}.En_Release|Win32.Build.0 = Release|Win32
		{BB0CA073-A3D5-45C5-A56D-0E1E16C576B2}.Release_Archi2|Win32.ActiveCfg = Release_Archi2|Win32
		{BB0CA073-A3D5-45C5-A56D-0E1E16C576B2}.Release_Archi2|Win32.Build.0 = Release_Archi2|Win32
		{BB0CA073-A3D5-45C5-A56D-0E1E16C576B2}.Release|Win32.ActiveCfg = Release|Win32
		{BB0CA073-A3D5-45C5-A56D-0E1E16C576B2}.Release|Win32.Build.0 = Release|Win32
		{BB0CA073-A3D5-45C5-A56D-0E1E16C576B2}.ReleaseTest|Win32.ActiveCfg = Release|Win32
		{BB0CA073-A3D5-45C5-A56D-0E1E16C576B2}.ReleaseTest|Win32.Build.0 = Release|Win32
		{BB0CA073-A3D5-45C5-A56D-0E1E16C576B2}.Template|Win32.ActiveCfg = Release|Win32
		{BB0CA073-A3D5-45C5-A56D-0E1E16C576B2}.Template|Win32.Build.0 = Release|Win32
		{3E3A8663-6AA6-4875-BAA5-7A304887B26F}.Debug_Archi2|Win32.ActiveCfg = Debug|Win32
		{3E3A8663-6AA6-4875-BAA5-7A304887B26F}.Debug_Archi2|Win32.Build.0 = Debug|Win32
		{3E3A8663-6AA6-4875-BAA5-7A304887B26F}.Debug|Win32.ActiveCfg = Debug|Win32
		{3E3A8663-6AA6-4875-BAA5-7A304887B26F}.Debug|Win32.Build.0 = Debug|Win32
		{3E3A8663-6AA6-4875-BAA5-7A304887B26F}.En_Debug|Win32.ActiveCfg = Debug|Win32
		{3E3A8663-6AA6-4875-BAA5-7A304887B26F}.En_Debug|Win32.Build.0 = Debug|Win32
		{3E3A8663-6AA6-4875-BAA5-7A304887B26F}.En_Release|Win32.ActiveCfg = Release|Win32
		{3E3A8663-6AA6-4875-BAA5-7A304887B26F}.En_Release|Win32.Build.0 = Release|Win32
		{3E3A8663-6AA6-4875-BAA5-7A304887B26F}.Release_Archi2|Win32.ActiveCfg = Release|Win32
		{3E3A8663-6AA6-4875-BAA5-7A304887B26F}.Release_Archi2|Win32.Build.0 = Release|Win32
		{3E3A8663-6AA6-4875-BAA5-7A304887B26F}.Release|Win32.ActiveCfg = Release|Win32
		{3E3A8663-6AA6-4875-BAA5-7A304887B26F}.Release|Win32.Build.0 = Release|Win32
		{3E3A8663-6AA6-4875-BAA5-7A304887B26F}.ReleaseTest|Win32.ActiveCfg = Release|Win32
		{3E3A8663-6AA6-4875-BAA5-7A304887B26F}.ReleaseTest|Win32.Build.0 = Release|Win32
		{3E3A8663-6AA6-4875-BAA5-7A304887B26F}.Template|Win32.ActiveCfg = Release|Win32
		{3E3A8663-6AA6-4875-BAA5-7A304887B26F}.Template|Win32.Build.0 = Release|Win32
		{9E3A9547-D12E-4B36-8077-B12FD73671BD}.Debug_Archi2|Win32.ActiveCfg = Debug|Win32
		{9E3A9547-D12E-4B36-8077-B12FD73671BD}.Debug_Archi2|Win32.Build.0 = Debug|Win32
		{9E3A9547-D12E-4B36-8077-B12FD73671BD}.Debug|Win32.ActiveCfg = Debug|Win32
		{9E3A9547-D12E-4B36-8077-B12FD73671BD}.Debug|Win32.Build.0 = Debug|Win32
		{9E3A9547-D12E-4B36-8077-B12FD73671BD}.En_Debug|Win32.ActiveCfg = Debug|Win32
		{9E3A9547-D12E-4B36-8077-B12FD73671BD}.En_Debug|Win32.Build.0 = Debug|Win32
		{9E3A9547-D12E-4B36-8077-B12FD73671BD}.En_Release|Win32.ActiveCfg = Release|Win32
		{9E3A9547-D12E-4B36-8077-B12FD73671BD}.En_Release|Win32.Build.0 = Release|Win32
		{9E3A9547-D12E-4B36-8077-B12FD73671BD}.Release_Archi2|Win32.ActiveCfg = Release|Win32
		{9E3A9547-D12E-4B36-8077-B12FD73671BD}.Release_Archi2|Win32.Build.0 = Release|Win32
		{9E3A9547-D12E-4B36-8077-B12FD73671BD}.Release|Win32.ActiveCfg = Release|Win32
		{9E3A9547-D12E-4B36-8077-B12FD73671BD}.Release|Win32.Build.0 = Release|Win32
		{9E3A9547-D12E-4B36-8077-B12FD73671BD}.ReleaseTest|Win32.ActiveCfg = Release|Win32
		{9E3A9547-D12E-4B36-8077-B12FD73671BD}.ReleaseTest|Win32.Build.0 = Release|Win32
		{9E3A9547-D12E-4B36-8077-B12FD73671BD}.Template|Win32.ActiveCfg = Release|Win32
		{9E3A9547-D12E-4B36-8077-B12FD73671BD}.Template|Win32.Build.0 = Release|Win32
		{6E987529-911D-47F9-AB45-EF66406409CB}.Debug_Archi2|Win32.ActiveCfg = Debug|Win32
		{6E987529-911D-47F9-AB45-EF66406409CB}.Debug_Archi2|Win32.Build.0 = Debug|Win32
		{6E987529-911D-47F9-AB45-EF66406409CB}.Debug|Win32.ActiveCfg = Debug|Win32
		{6E987529-911D-47F9-AB45-EF66406409CB}.Debug|Win32.Build.0 = Debug|Win32
		{6E987529-911D-47F9-AB45-EF66406409CB}.En_Debug|Win32.ActiveCfg = Debug|Win32
		{6E987529-911D-47F9-AB45-EF66406409CB}.En_Debug|Win32.Build.0 = Debug|Win32
		{6E987529-911D-47F9-AB45-EF66406409CB}.En_Release|Win32.ActiveCfg = Release|Win32
		{6E987529-911D-47F9-AB45-EF66406409CB}.En_Release|Win32.Build.0 = Release|Win32
		{6E987529-911D-47F9-AB45-EF66406409CB}.Release_Archi2|Win32.ActiveCfg = Release|Win32
		{6E987529-911D-47F9-AB45-EF66406409CB}.Release_Archi2|Win32.Build.0 = Release|Win32
		{6E987529-911D-47F9-AB45-EF66406409CB}.Release|Win32.ActiveCfg = Release|Win32
		{6E987529-911D-47F9-AB45-EF66406409CB}.Release|Win32.Build.0 = Release|Win32
		{6E987529-911D-47F9-AB45-EF66406409CB}.ReleaseTest|Win32.ActiveCfg = Release|Win32
		{6E987529-911D-47F9-AB45-EF66406409CB}.ReleaseTest|Win32.Build.0 = Release|Win32
		{6E987529-911D-47F9-AB45-EF66406409CB}.Template|Win32.ActiveCfg = Release|Win32
		{6E987529-911D-47F9-AB45-EF66406409CB}.Template|Win32.Build.0 = Release|Win32
		{AA5282BA-5EDC-463D-97C9-7B3BDED3FEC8}.Debug_Archi2|Win32.ActiveCfg = Debug_Archi2|Win32
		{AA5282BA-5EDC-463D-97C9-7B3BDED3FEC8}.Debug_Archi2|Win32.Build.0 = Debug_Archi2|Win32
		{AA5282BA-5EDC-463D-97C9-7B3BDED3FEC8}.Debug|Win32.ActiveCfg = Debug|Win32
		{AA5282BA-5EDC-463D-97C9-7B3BDED3FEC8}.Debug|Win32.Build.0 = Debug|Win32
		{AA5282BA-5EDC-463D-97C9-7B3BDED3FEC8}.En_Debug|Win32.ActiveCfg = Debug|Win32
		{AA5282BA-5EDC-463D-97C9-7B3BDED3FEC8}.En_Debug|Win32.Build.0 = Debug|Win32
		{AA5282BA-5EDC-463D-97C9-7B3BDED3FEC8}.En_Release|Win32.ActiveCfg = Release|Win32
		{AA5282BA-5EDC-463D-97C9-7B3BDED3FEC8}.En_Release|Win32.Build.0 = Release|Win32
		{AA5282BA-5EDC-463D-97C9-7B3BDED3FEC8}.Release_Archi2|Win32.ActiveCfg = Release_Archi2|Win32
		{AA5282BA-5EDC-463D-97C9-7B3BDED3FEC8}.Release_Archi2|Win32.Build.0 = Release_Archi2|Win32
		{AA5282BA-5EDC-463D-97C9-7B3BDED3FEC8}.Release|Win32.ActiveCfg = Release|Win32
		{AA5282BA-5EDC-463D-97C9-7B3BDED3FEC8}.Release|Win32.Build.0 = Release|Win32
		{AA5282BA-5EDC-463D-97C9-7B3BDED3FEC8}.ReleaseTest|Win32.ActiveCfg = Release|Win32
		{AA5282BA-5EDC-463D-97C9-7B3BDED3FEC8}.ReleaseTest|Win32.Build.0 = Release|Win32
		{AA5282BA-5EDC-463D-97C9-7B3BDED3FEC8}.Template|Win32.ActiveCfg = Template | Win32|Win32
		{2704B2F1-7BB0-4701-B2C8-DFEDAD73ABF0}.Debug_Archi2|Win32.ActiveCfg = Debug|Win32
		{2704B2F1-7BB0-4701-B2C8-DFEDAD73ABF0}.Debug_Archi2|Win32.Build.0 = Debug|Win32
		{2704B2F1-7BB0-4701-B2C8-DFEDAD73ABF0}.Debug|Win32.ActiveCfg = Debug|Win32
		{2704B2F1-7BB0-4701-B2C8-DFEDAD73ABF0}.Debug|Win32.Build.0 = Debug|Win32
		{2704B2F1-7BB0-4701-B2C8-DFEDAD73ABF0}.En_Debug|Win32.ActiveCfg = Debug|Win32
		{2704B2F1-7BB0-4701-B2C8-DFEDAD73ABF0}.En_Debug|Win32.Build.0 = Debug|Win32
		{2704B2F1-7BB0-4701-B2C8-DFEDAD73ABF0}.En_Release|Win32.ActiveCfg = Release|Win32
		{2704B2F1-7BB0-4701-B2C8-DFEDAD73ABF0}.En_Release|Win32.Build.0 = Release|Win32
		{2704B2F1-7BB0-4701-B2C8-DFEDAD73ABF0}.Release_Archi2|Win32.ActiveCfg = Release|Win32
		{2704B2F1-7BB0-4701-B2C8-DFEDAD73ABF0}.Release_Archi2|Win32.Build.0 = Release|Win32
		{2704B2F1-7BB0-4701-B2C8-DFEDAD73ABF0}.Release|Win32.ActiveCfg = Release|Win32
		{2704B2F1-7BB0-4701-B2C8-DFEDAD73ABF0}.Release|Win32.Build.0 = Release|Win32
		{2704B2F1-7BB0-4701-B2C8-DFEDAD73ABF0}.ReleaseTest|Win32.ActiveCfg = Release|Win32
		{2704B2F1-7BB0-4701-B2C8-DFEDAD73ABF0}.ReleaseTest|Win32.Build.0 = Release|Win32
		{2704B2F1-7BB0-4701-B2C8-DFEDAD73ABF0}.Template|Win32.ActiveCfg = Template|Win32
		{2704B2F1-7BB0-4701-B2C8-DFEDAD73ABF0}.Template|Win32.Build.0 = Template|Win32
		{82767239-B24A-4B53-995F-0FB880B511E7}.Debug_Archi2|Win32.ActiveCfg = Debug|Win32
		{82767239-B24A-4B53-995F-0FB880B511E7}.Debug_Archi2|Win32.Build.0 = Debug|Win32
		{82767239-B24A-4B53-995F-0FB880B511E7}.Debug|Win32.ActiveCfg = Debug|Win32
		{82767239-B24A-4B53-995F-0FB880B511E7}.Debug|Win32.Build.0 = Debug|Win32
		{82767239-B24A-4B53-995F-0FB880B511E7}.En_Debug|Win32.ActiveCfg = Debug|Win32
		{82767239-B24A-4B53-995F-0FB880B511E7}.En_Debug|Win32.Build.0 = Debug|Win32
		{82767239-B24A-4B53-995F-0FB880B511E7}.En_Release|Win32.ActiveCfg = Release|Win32
		{82767239-B24A-4B53-995F-0FB880B511E7}.En_Release|Win32.Build.0 = Release|Win32
		{82767239-B24A-4B53-995F-0FB880B511E7}.Release_Archi2|Win32.ActiveCfg = Release|Win32
		{82767239-B24A-4B53-995F-0FB880B511E7}.Release_Archi2|Win32.Build.0 = Release|Win32
		{82767239-B24A-4B53-995F-0FB880B511E7}.Release|Win32.ActiveCfg = Release|Win32
		{82767239-B24A-4B53-995F-0FB880B511E7}.Release|Win32.Build.0 = Release|Win32
		{82767239-B24A-4B53-995F-0FB880B511E7}.ReleaseTest|Win32.ActiveCfg = Release|Win32
		{82767239-B24A-4B53-995F-0FB880B511E7}.ReleaseTest|Win32.Build.0 = Release|Win32
		{82767239-B24A-4B53-995F-0FB880B511E7}.Template|Win32.ActiveCfg = Release|Win32
		{82767239-B24A-4B53-995F-0FB880B511E7}.Template|Win32.Build.0 = Release|Win32
	EndGlobalSection
	GlobalSection(SolutionProperties) = preSolution
		HideSolutionNode = FALSE
	EndGlobalSection
	GlobalSection(NestedProjects) = preSolution
		{BB0CA073-A3D5-45C5-A56D-0E1E16C576B2} = {1CE66494-5C70-458C-AEE2-34356FED4105}
		{3E3A8663-6AA6-4875-BAA5-7A304887B26F} = {1CE66494-5C70-458C-AEE2-34356FED4105}
		{9E3A9547-D12E-4B36-8077-B12FD73671BD} = {1CE66494-5C70-458C-AEE2-34356FED4105}
		{6E987529-911D-47F9-AB45-EF66406409CB} = {1CE66494-5C70-458C-AEE2-34356FED4105}
		{AA5282BA-5EDC-463D-97C9-7B3BDED3FEC8} = {1CE66494-5C70-458C-AEE2-34356FED4105}
	EndGlobalSection
EndGlobal
